// !$*UTF8*$!
{
	archiveVersion = 1;
	classes = {
	};
	objectVersion = 56;
	objects = {

/* Begin PBXBuildFile section */
		422FC27C2BBF532500DFC2D0 /* Assets.xcassets in Resources */ = {isa = PBXBuildFile; fileRef = 422FC27B2BBF532500DFC2D0 /* Assets.xcassets */; };
		422FC27E2BBF56CC00DFC2D0 /* SearchBar.swift in Sources */ = {isa = PBXBuildFile; fileRef = 422FC27D2BBF56CC00DFC2D0 /* SearchBar.swift */; };
		422FC2802BBF5E8800DFC2D0 /* ListingDetailView.swift in Sources */ = {isa = PBXBuildFile; fileRef = 422FC27F2BBF5E8800DFC2D0 /* ListingDetailView.swift */; };
		422FC2832BBF5F4700DFC2D0 /* ImagesCarousel.swift in Sources */ = {isa = PBXBuildFile; fileRef = 422FC2822BBF5F4700DFC2D0 /* ImagesCarousel.swift */; };
		4243132B2BBE023F00BEE02C /* AirBnbApp.swift in Sources */ = {isa = PBXBuildFile; fileRef = 4243132A2BBE023F00BEE02C /* AirBnbApp.swift */; };
		4243132D2BBE023F00BEE02C /* ContentView.swift in Sources */ = {isa = PBXBuildFile; fileRef = 4243132C2BBE023F00BEE02C /* ContentView.swift */; };
		424313322BBE024100BEE02C /* Preview Assets.xcassets in Resources */ = {isa = PBXBuildFile; fileRef = 424313312BBE024100BEE02C /* Preview Assets.xcassets */; };
		424313422BBE03A300BEE02C /* ExploreView.swift in Sources */ = {isa = PBXBuildFile; fileRef = 424313412BBE03A300BEE02C /* ExploreView.swift */; };
		424313442BBE04A000BEE02C /* ListingItemView.swift in Sources */ = {isa = PBXBuildFile; fileRef = 424313432BBE04A000BEE02C /* ListingItemView.swift */; };
		425AB6972C190207009264EF /* ProfileView.swift in Sources */ = {isa = PBXBuildFile; fileRef = 425AB6962C190206009264EF /* ProfileView.swift */; };
		425AB6992C19054A009264EF /* ProfileOptionRowView.swift in Sources */ = {isa = PBXBuildFile; fileRef = 425AB6982C19054A009264EF /* ProfileOptionRowView.swift */; };
		425AB69B2C19082C009264EF /* WishListsView.swift in Sources */ = {isa = PBXBuildFile; fileRef = 425AB69A2C19082C009264EF /* WishListsView.swift */; };
		425AB69D2C1909DE009264EF /* MainTabView.swift in Sources */ = {isa = PBXBuildFile; fileRef = 425AB69C2C1909DD009264EF /* MainTabView.swift */; };
		42A797192C0A78DB001C22C1 /* DestinationSearchView.swift in Sources */ = {isa = PBXBuildFile; fileRef = 42A797182C0A78DB001C22C1 /* DestinationSearchView.swift */; };
		42A7971B2C0A8177001C22C1 /* AddInfoView.swift in Sources */ = {isa = PBXBuildFile; fileRef = 42A7971A2C0A8177001C22C1 /* AddInfoView.swift */; };
		42A7971E2C0A82CB001C22C1 /* DestinationSearchOptions.swift in Sources */ = {isa = PBXBuildFile; fileRef = 42A7971D2C0A82CB001C22C1 /* DestinationSearchOptions.swift */; };
		42FF807E2C22514200074070 /* Listing.swift in Sources */ = {isa = PBXBuildFile; fileRef = 42FF807D2C22514200074070 /* Listing.swift */; };
		42FF80802C22565B00074070 /* DeveloperPreview.swift in Sources */ = {isa = PBXBuildFile; fileRef = 42FF807F2C22565B00074070 /* DeveloperPreview.swift */; };
		42FF80892C238BD900074070 /* ExploreViewModel.swift in Sources */ = {isa = PBXBuildFile; fileRef = 42FF80882C238BD900074070 /* ExploreViewModel.swift */; };
		42FF808B2C238C2A00074070 /* ExploreService.swift in Sources */ = {isa = PBXBuildFile; fileRef = 42FF808A2C238C2A00074070 /* ExploreService.swift */; };
/* End PBXBuildFile section */

/* Begin PBXFileReference section */
		422FC27B2BBF532500DFC2D0 /* Assets.xcassets */ = {isa = PBXFileReference; lastKnownFileType = folder.assetcatalog; path = Assets.xcassets; sourceTree = "<group>"; };
		422FC27D2BBF56CC00DFC2D0 /* SearchBar.swift */ = {isa = PBXFileReference; lastKnownFileType = sourcecode.swift; path = SearchBar.swift; sourceTree = "<group>"; };
		422FC27F2BBF5E8800DFC2D0 /* ListingDetailView.swift */ = {isa = PBXFileReference; lastKnownFileType = sourcecode.swift; path = ListingDetailView.swift; sourceTree = "<group>"; };
		422FC2822BBF5F4700DFC2D0 /* ImagesCarousel.swift */ = {isa = PBXFileReference; lastKnownFileType = sourcecode.swift; path = ImagesCarousel.swift; sourceTree = "<group>"; };
		424313272BBE023F00BEE02C /* AirBnb.app */ = {isa = PBXFileReference; explicitFileType = wrapper.application; includeInIndex = 0; path = AirBnb.app; sourceTree = BUILT_PRODUCTS_DIR; };
		4243132A2BBE023F00BEE02C /* AirBnbApp.swift */ = {isa = PBXFileReference; lastKnownFileType = sourcecode.swift; path = AirBnbApp.swift; sourceTree = "<group>"; };
		4243132C2BBE023F00BEE02C /* ContentView.swift */ = {isa = PBXFileReference; lastKnownFileType = sourcecode.swift; path = ContentView.swift; sourceTree = "<group>"; };
		424313312BBE024100BEE02C /* Preview Assets.xcassets */ = {isa = PBXFileReference; lastKnownFileType = folder.assetcatalog; path = "Preview Assets.xcassets"; sourceTree = "<group>"; };
		424313412BBE03A300BEE02C /* ExploreView.swift */ = {isa = PBXFileReference; lastKnownFileType = sourcecode.swift; path = ExploreView.swift; sourceTree = "<group>"; };
		424313432BBE04A000BEE02C /* ListingItemView.swift */ = {isa = PBXFileReference; lastKnownFileType = sourcecode.swift; path = ListingItemView.swift; sourceTree = "<group>"; };
		425AB6962C190206009264EF /* ProfileView.swift */ = {isa = PBXFileReference; lastKnownFileType = sourcecode.swift; path = ProfileView.swift; sourceTree = "<group>"; };
		425AB6982C19054A009264EF /* ProfileOptionRowView.swift */ = {isa = PBXFileReference; lastKnownFileType = sourcecode.swift; path = ProfileOptionRowView.swift; sourceTree = "<group>"; };
		425AB69A2C19082C009264EF /* WishListsView.swift */ = {isa = PBXFileReference; lastKnownFileType = sourcecode.swift; path = WishListsView.swift; sourceTree = "<group>"; };
		425AB69C2C1909DD009264EF /* MainTabView.swift */ = {isa = PBXFileReference; lastKnownFileType = sourcecode.swift; path = MainTabView.swift; sourceTree = "<group>"; };
		42A797182C0A78DB001C22C1 /* DestinationSearchView.swift */ = {isa = PBXFileReference; lastKnownFileType = sourcecode.swift; path = DestinationSearchView.swift; sourceTree = "<group>"; };
		42A7971A2C0A8177001C22C1 /* AddInfoView.swift */ = {isa = PBXFileReference; lastKnownFileType = sourcecode.swift; path = AddInfoView.swift; sourceTree = "<group>"; };
		42A7971D2C0A82CB001C22C1 /* DestinationSearchOptions.swift */ = {isa = PBXFileReference; lastKnownFileType = sourcecode.swift; path = DestinationSearchOptions.swift; sourceTree = "<group>"; };
		42FF807D2C22514200074070 /* Listing.swift */ = {isa = PBXFileReference; lastKnownFileType = sourcecode.swift; path = Listing.swift; sourceTree = "<group>"; };
		42FF807F2C22565B00074070 /* DeveloperPreview.swift */ = {isa = PBXFileReference; lastKnownFileType = sourcecode.swift; path = DeveloperPreview.swift; sourceTree = "<group>"; };
		42FF80882C238BD900074070 /* ExploreViewModel.swift */ = {isa = PBXFileReference; lastKnownFileType = sourcecode.swift; path = ExploreViewModel.swift; sourceTree = "<group>"; };
		42FF808A2C238C2A00074070 /* ExploreService.swift */ = {isa = PBXFileReference; lastKnownFileType = sourcecode.swift; path = ExploreService.swift; sourceTree = "<group>"; };
/* End PBXFileReference section */

/* Begin PBXFrameworksBuildPhase section */
		424313242BBE023F00BEE02C /* Frameworks */ = {
			isa = PBXFrameworksBuildPhase;
			buildActionMask = 2147483647;
			files = (
			);
			runOnlyForDeploymentPostprocessing = 0;
		};
/* End PBXFrameworksBuildPhase section */

/* Begin PBXGroup section */
		422FC2812BBF5F2B00DFC2D0 /* Components */ = {
			isa = PBXGroup;
			children = (
				422FC2822BBF5F4700DFC2D0 /* ImagesCarousel.swift */,
			);
			path = Components;
			sourceTree = "<group>";
		};
		4243131E2BBE023F00BEE02C = {
			isa = PBXGroup;
			children = (
				424313292BBE023F00BEE02C /* AirBnb */,
				424313282BBE023F00BEE02C /* Products */,
			);
			sourceTree = "<group>";
		};
		424313282BBE023F00BEE02C /* Products */ = {
			isa = PBXGroup;
			children = (
				424313272BBE023F00BEE02C /* AirBnb.app */,
			);
			name = Products;
			sourceTree = "<group>";
		};
		424313292BBE023F00BEE02C /* AirBnb */ = {
			isa = PBXGroup;
			children = (
				4243133A2BBE029000BEE02C /* Core */,
				424313392BBE027E00BEE02C /* Utils */,
				424313382BBE027200BEE02C /* App */,
				4243132C2BBE023F00BEE02C /* ContentView.swift */,
				422FC27B2BBF532500DFC2D0 /* Assets.xcassets */,
				424313302BBE024100BEE02C /* Preview Content */,
			);
			path = AirBnb;
			sourceTree = "<group>";
		};
		424313302BBE024100BEE02C /* Preview Content */ = {
			isa = PBXGroup;
			children = (
				424313312BBE024100BEE02C /* Preview Assets.xcassets */,
			);
			path = "Preview Content";
			sourceTree = "<group>";
		};
		424313382BBE027200BEE02C /* App */ = {
			isa = PBXGroup;
			children = (
				4243132A2BBE023F00BEE02C /* AirBnbApp.swift */,
			);
			path = App;
			sourceTree = "<group>";
		};
		424313392BBE027E00BEE02C /* Utils */ = {
			isa = PBXGroup;
			children = (
			);
			path = Utils;
			sourceTree = "<group>";
		};
		4243133A2BBE029000BEE02C /* Core */ = {
			isa = PBXGroup;
			children = (
				425AB6932C1901E2009264EF /* Profile */,
				42A7971C2C0A82B5001C22C1 /* Model */,
				422FC2812BBF5F2B00DFC2D0 /* Components */,
				424313402BBE02E700BEE02C /* WishLists */,
				4243133F2BBE02D500BEE02C /* TabBar */,
				4243133E2BBE02D000BEE02C /* Root */,
				4243133D2BBE02C200BEE02C /* Map */,
				4243133C2BBE02BC00BEE02C /* Listings */,
				4243133B2BBE02B700BEE02C /* Explore */,
				42A7971A2C0A8177001C22C1 /* AddInfoView.swift */,
				42FF807F2C22565B00074070 /* DeveloperPreview.swift */,
			);
			path = Core;
			sourceTree = "<group>";
		};
		4243133B2BBE02B700BEE02C /* Explore */ = {
			isa = PBXGroup;
			children = (
				42FF80872C238B9C00074070 /* ViewModel */,
				42FF80862C238B9700074070 /* Service */,
				42FF80852C238B9200074070 /* View */,
			);
			path = Explore;
			sourceTree = "<group>";
		};
		4243133C2BBE02BC00BEE02C /* Listings */ = {
			isa = PBXGroup;
			children = (
				42FF807C2C22510300074070 /* Views */,
				42FF807B2C2250FE00074070 /* Model */,
			);
			path = Listings;
			sourceTree = "<group>";
		};
		4243133D2BBE02C200BEE02C /* Map */ = {
			isa = PBXGroup;
			children = (
			);
			path = Map;
			sourceTree = "<group>";
		};
		4243133E2BBE02D000BEE02C /* Root */ = {
			isa = PBXGroup;
			children = (
			);
			path = Root;
			sourceTree = "<group>";
		};
		4243133F2BBE02D500BEE02C /* TabBar */ = {
			isa = PBXGroup;
			children = (
				425AB69C2C1909DD009264EF /* MainTabView.swift */,
			);
			path = TabBar;
			sourceTree = "<group>";
		};
		424313402BBE02E700BEE02C /* WishLists */ = {
			isa = PBXGroup;
			children = (
				425AB69A2C19082C009264EF /* WishListsView.swift */,
			);
			path = WishLists;
			sourceTree = "<group>";
		};
		425AB6932C1901E2009264EF /* Profile */ = {
			isa = PBXGroup;
			children = (
				425AB6962C190206009264EF /* ProfileView.swift */,
				425AB6982C19054A009264EF /* ProfileOptionRowView.swift */,
			);
			path = Profile;
			sourceTree = "<group>";
		};
		42A7971C2C0A82B5001C22C1 /* Model */ = {
			isa = PBXGroup;
			children = (
				42A7971D2C0A82CB001C22C1 /* DestinationSearchOptions.swift */,
			);
			path = Model;
			sourceTree = "<group>";
		};
		42FF807B2C2250FE00074070 /* Model */ = {
			isa = PBXGroup;
			children = (
				42FF807D2C22514200074070 /* Listing.swift */,
			);
			path = Model;
			sourceTree = "<group>";
		};
		42FF807C2C22510300074070 /* Views */ = {
			isa = PBXGroup;
			children = (
				422FC27F2BBF5E8800DFC2D0 /* ListingDetailView.swift */,
				424313432BBE04A000BEE02C /* ListingItemView.swift */,
			);
			path = Views;
			sourceTree = "<group>";
		};
		42FF80852C238B9200074070 /* View */ = {
			isa = PBXGroup;
			children = (
				42A797182C0A78DB001C22C1 /* DestinationSearchView.swift */,
				424313412BBE03A300BEE02C /* ExploreView.swift */,
				422FC27D2BBF56CC00DFC2D0 /* SearchBar.swift */,
			);
			path = View;
			sourceTree = "<group>";
		};
		42FF80862C238B9700074070 /* Service */ = {
			isa = PBXGroup;
			children = (
				42FF808A2C238C2A00074070 /* ExploreService.swift */,
			);
			path = Service;
			sourceTree = "<group>";
		};
		42FF80872C238B9C00074070 /* ViewModel */ = {
			isa = PBXGroup;
			children = (
				42FF80882C238BD900074070 /* ExploreViewModel.swift */,
			);
			path = ViewModel;
			sourceTree = "<group>";
		};
/* End PBXGroup section */

/* Begin PBXNativeTarget section */
		424313262BBE023F00BEE02C /* AirBnb */ = {
			isa = PBXNativeTarget;
			buildConfigurationList = 424313352BBE024100BEE02C /* Build configuration list for PBXNativeTarget "AirBnb" */;
			buildPhases = (
				424313232BBE023F00BEE02C /* Sources */,
				424313242BBE023F00BEE02C /* Frameworks */,
				424313252BBE023F00BEE02C /* Resources */,
			);
			buildRules = (
			);
			dependencies = (
			);
			name = AirBnb;
			productName = AirBnb;
			productReference = 424313272BBE023F00BEE02C /* AirBnb.app */;
			productType = "com.apple.product-type.application";
		};
/* End PBXNativeTarget section */

/* Begin PBXProject section */
		4243131F2BBE023F00BEE02C /* Project object */ = {
			isa = PBXProject;
			attributes = {
				BuildIndependentTargetsInParallel = 1;
				LastSwiftUpdateCheck = 1530;
				LastUpgradeCheck = 1530;
				TargetAttributes = {
					424313262BBE023F00BEE02C = {
						CreatedOnToolsVersion = 15.3;
					};
				};
			};
			buildConfigurationList = 424313222BBE023F00BEE02C /* Build configuration list for PBXProject "AirBnb" */;
			compatibilityVersion = "Xcode 14.0";
			developmentRegion = en;
			hasScannedForEncodings = 0;
			knownRegions = (
				en,
				Base,
			);
			mainGroup = 4243131E2BBE023F00BEE02C;
			productRefGroup = 424313282BBE023F00BEE02C /* Products */;
			projectDirPath = "";
			projectRoot = "";
			targets = (
				424313262BBE023F00BEE02C /* AirBnb */,
			);
		};
/* End PBXProject section */

/* Begin PBXResourcesBuildPhase section */
		424313252BBE023F00BEE02C /* Resources */ = {
			isa = PBXResourcesBuildPhase;
			buildActionMask = 2147483647;
			files = (
				422FC27C2BBF532500DFC2D0 /* Assets.xcassets in Resources */,
				424313322BBE024100BEE02C /* Preview Assets.xcassets in Resources */,
			);
			runOnlyForDeploymentPostprocessing = 0;
		};
/* End PBXResourcesBuildPhase section */

/* Begin PBXSourcesBuildPhase section */
		424313232BBE023F00BEE02C /* Sources */ = {
			isa = PBXSourcesBuildPhase;
			buildActionMask = 2147483647;
			files = (
				424313442BBE04A000BEE02C /* ListingItemView.swift in Sources */,
				42A797192C0A78DB001C22C1 /* DestinationSearchView.swift in Sources */,
				425AB69B2C19082C009264EF /* WishListsView.swift in Sources */,
				4243132D2BBE023F00BEE02C /* ContentView.swift in Sources */,
				425AB69D2C1909DE009264EF /* MainTabView.swift in Sources */,
				422FC27E2BBF56CC00DFC2D0 /* SearchBar.swift in Sources */,
				424313422BBE03A300BEE02C /* ExploreView.swift in Sources */,
				42FF808B2C238C2A00074070 /* ExploreService.swift in Sources */,
				42FF807E2C22514200074070 /* Listing.swift in Sources */,
				422FC2802BBF5E8800DFC2D0 /* ListingDetailView.swift in Sources */,
				42FF80892C238BD900074070 /* ExploreViewModel.swift in Sources */,
				42FF80802C22565B00074070 /* DeveloperPreview.swift in Sources */,
				42A7971B2C0A8177001C22C1 /* AddInfoView.swift in Sources */,
				422FC2832BBF5F4700DFC2D0 /* ImagesCarousel.swift in Sources */,
				4243132B2BBE023F00BEE02C /* AirBnbApp.swift in Sources */,
				425AB6972C190207009264EF /* ProfileView.swift in Sources */,
				425AB6992C19054A009264EF /* ProfileOptionRowView.swift in Sources */,
				42A7971E2C0A82CB001C22C1 /* DestinationSearchOptions.swift in Sources */,
			);
			runOnlyForDeploymentPostprocessing = 0;
		};
/* End PBXSourcesBuildPhase section */

/* Begin XCBuildConfiguration section */
		424313332BBE024100BEE02C /* Debug */ = {
			isa = XCBuildConfiguration;
			buildSettings = {
				ALWAYS_SEARCH_USER_PATHS = NO;
				ASSETCATALOG_COMPILER_GENERATE_SWIFT_ASSET_SYMBOL_EXTENSIONS = YES;
				CLANG_ANALYZER_NONNULL = YES;
				CLANG_ANALYZER_NUMBER_OBJECT_CONVERSION = YES_AGGRESSIVE;
				CLANG_CXX_LANGUAGE_STANDARD = "gnu++20";
				CLANG_ENABLE_MODULES = YES;
				CLANG_ENABLE_OBJC_ARC = YES;
				CLANG_ENABLE_OBJC_WEAK = YES;
				CLANG_WARN_BLOCK_CAPTURE_AUTORELEASING = YES;
				CLANG_WARN_BOOL_CONVERSION = YES;
				CLANG_WARN_COMMA = YES;
				CLANG_WARN_CONSTANT_CONVERSION = YES;
				CLANG_WARN_DEPRECATED_OBJC_IMPLEMENTATIONS = YES;
				CLANG_WARN_DIRECT_OBJC_ISA_USAGE = YES_ERROR;
				CLANG_WARN_DOCUMENTATION_COMMENTS = YES;
				CLANG_WARN_EMPTY_BODY = YES;
				CLANG_WARN_ENUM_CONVERSION = YES;
				CLANG_WARN_INFINITE_RECURSION = YES;
				CLANG_WARN_INT_CONVERSION = YES;
				CLANG_WARN_NON_LITERAL_NULL_CONVERSION = YES;
				CLANG_WARN_OBJC_IMPLICIT_RETAIN_SELF = YES;
				CLANG_WARN_OBJC_LITERAL_CONVERSION = YES;
				CLANG_WARN_OBJC_ROOT_CLASS = YES_ERROR;
				CLANG_WARN_QUOTED_INCLUDE_IN_FRAMEWORK_HEADER = YES;
				CLANG_WARN_RANGE_LOOP_ANALYSIS = YES;
				CLANG_WARN_STRICT_PROTOTYPES = YES;
				CLANG_WARN_SUSPICIOUS_MOVE = YES;
				CLANG_WARN_UNGUARDED_AVAILABILITY = YES_AGGRESSIVE;
				CLANG_WARN_UNREACHABLE_CODE = YES;
				CLANG_WARN__DUPLICATE_METHOD_MATCH = YES;
				COPY_PHASE_STRIP = NO;
				DEBUG_INFORMATION_FORMAT = dwarf;
				ENABLE_STRICT_OBJC_MSGSEND = YES;
				ENABLE_TESTABILITY = YES;
				ENABLE_USER_SCRIPT_SANDBOXING = YES;
				GCC_C_LANGUAGE_STANDARD = gnu17;
				GCC_DYNAMIC_NO_PIC = NO;
				GCC_NO_COMMON_BLOCKS = YES;
				GCC_OPTIMIZATION_LEVEL = 0;
				GCC_PREPROCESSOR_DEFINITIONS = (
					"DEBUG=1",
					"$(inherited)",
				);
				GCC_WARN_64_TO_32_BIT_CONVERSION = YES;
				GCC_WARN_ABOUT_RETURN_TYPE = YES_ERROR;
				GCC_WARN_UNDECLARED_SELECTOR = YES;
				GCC_WARN_UNINITIALIZED_AUTOS = YES_AGGRESSIVE;
				GCC_WARN_UNUSED_FUNCTION = YES;
				GCC_WARN_UNUSED_VARIABLE = YES;
				IPHONEOS_DEPLOYMENT_TARGET = 17.4;
				LOCALIZATION_PREFERS_STRING_CATALOGS = YES;
				MTL_ENABLE_DEBUG_INFO = INCLUDE_SOURCE;
				MTL_FAST_MATH = YES;
				ONLY_ACTIVE_ARCH = YES;
				SDKROOT = iphoneos;
				SWIFT_ACTIVE_COMPILATION_CONDITIONS = "DEBUG $(inherited)";
				SWIFT_OPTIMIZATION_LEVEL = "-Onone";
			};
			name = Debug;
		};
		424313342BBE024100BEE02C /* Release */ = {
			isa = XCBuildConfiguration;
			buildSettings = {
				ALWAYS_SEARCH_USER_PATHS = NO;
				ASSETCATALOG_COMPILER_GENERATE_SWIFT_ASSET_SYMBOL_EXTENSIONS = YES;
				CLANG_ANALYZER_NONNULL = YES;
				CLANG_ANALYZER_NUMBER_OBJECT_CONVERSION = YES_AGGRESSIVE;
				CLANG_CXX_LANGUAGE_STANDARD = "gnu++20";
				CLANG_ENABLE_MODULES = YES;
				CLANG_ENABLE_OBJC_ARC = YES;
				CLANG_ENABLE_OBJC_WEAK = YES;
				CLANG_WARN_BLOCK_CAPTURE_AUTORELEASING = YES;
				CLANG_WARN_BOOL_CONVERSION = YES;
				CLANG_WARN_COMMA = YES;
				CLANG_WARN_CONSTANT_CONVERSION = YES;
				CLANG_WARN_DEPRECATED_OBJC_IMPLEMENTATIONS = YES;
				CLANG_WARN_DIRECT_OBJC_ISA_USAGE = YES_ERROR;
				CLANG_WARN_DOCUMENTATION_COMMENTS = YES;
				CLANG_WARN_EMPTY_BODY = YES;
				CLANG_WARN_ENUM_CONVERSION = YES;
				CLANG_WARN_INFINITE_RECURSION = YES;
				CLANG_WARN_INT_CONVERSION = YES;
				CLANG_WARN_NON_LITERAL_NULL_CONVERSION = YES;
				CLANG_WARN_OBJC_IMPLICIT_RETAIN_SELF = YES;
				CLANG_WARN_OBJC_LITERAL_CONVERSION = YES;
				CLANG_WARN_OBJC_ROOT_CLASS = YES_ERROR;
				CLANG_WARN_QUOTED_INCLUDE_IN_FRAMEWORK_HEADER = YES;
				CLANG_WARN_RANGE_LOOP_ANALYSIS = YES;
				CLANG_WARN_STRICT_PROTOTYPES = YES;
				CLANG_WARN_SUSPICIOUS_MOVE = YES;
				CLANG_WARN_UNGUARDED_AVAILABILITY = YES_AGGRESSIVE;
				CLANG_WARN_UNREACHABLE_CODE = YES;
				CLANG_WARN__DUPLICATE_METHOD_MATCH = YES;
				COPY_PHASE_STRIP = NO;
				DEBUG_INFORMATION_FORMAT = "dwarf-with-dsym";
				ENABLE_NS_ASSERTIONS = NO;
				ENABLE_STRICT_OBJC_MSGSEND = YES;
				ENABLE_USER_SCRIPT_SANDBOXING = YES;
				GCC_C_LANGUAGE_STANDARD = gnu17;
				GCC_NO_COMMON_BLOCKS = YES;
				GCC_WARN_64_TO_32_BIT_CONVERSION = YES;
				GCC_WARN_ABOUT_RETURN_TYPE = YES_ERROR;
				GCC_WARN_UNDECLARED_SELECTOR = YES;
				GCC_WARN_UNINITIALIZED_AUTOS = YES_AGGRESSIVE;
				GCC_WARN_UNUSED_FUNCTION = YES;
				GCC_WARN_UNUSED_VARIABLE = YES;
				IPHONEOS_DEPLOYMENT_TARGET = 17.4;
				LOCALIZATION_PREFERS_STRING_CATALOGS = YES;
				MTL_ENABLE_DEBUG_INFO = NO;
				MTL_FAST_MATH = YES;
				SDKROOT = iphoneos;
				SWIFT_COMPILATION_MODE = wholemodule;
				VALIDATE_PRODUCT = YES;
			};
			name = Release;
		};
		424313362BBE024100BEE02C /* Debug */ = {
			isa = XCBuildConfiguration;
			buildSettings = {
				ASSETCATALOG_COMPILER_APPICON_NAME = AppIcon;
				ASSETCATALOG_COMPILER_GLOBAL_ACCENT_COLOR_NAME = AccentColor;
				CODE_SIGN_STYLE = Automatic;
				CURRENT_PROJECT_VERSION = 1;
				DEVELOPMENT_ASSET_PATHS = "\"AirBnb/Preview Content\"";
				DEVELOPMENT_TEAM = CTDN3273R3;
				ENABLE_PREVIEWS = YES;
				GENERATE_INFOPLIST_FILE = YES;
				INFOPLIST_KEY_UIApplicationSceneManifest_Generation = YES;
				INFOPLIST_KEY_UIApplicationSupportsIndirectInputEvents = YES;
				INFOPLIST_KEY_UILaunchScreen_Generation = YES;
				INFOPLIST_KEY_UISupportedInterfaceOrientations_iPad = "UIInterfaceOrientationPortrait UIInterfaceOrientationPortraitUpsideDown UIInterfaceOrientationLandscapeLeft UIInterfaceOrientationLandscapeRight";
				INFOPLIST_KEY_UISupportedInterfaceOrientations_iPhone = "UIInterfaceOrientationPortrait UIInterfaceOrientationLandscapeLeft UIInterfaceOrientationLandscapeRight";
				LD_RUNPATH_SEARCH_PATHS = (
					"$(inherited)",
					"@executable_path/Frameworks",
				);
				MARKETING_VERSION = 1.0;
				PRODUCT_BUNDLE_IDENTIFIER = com.br.vhenriquebm.AirBnb;
				PRODUCT_NAME = "$(TARGET_NAME)";
				SWIFT_EMIT_LOC_STRINGS = YES;
				SWIFT_VERSION = 5.0;
				TARGETED_DEVICE_FAMILY = "1,2";
			};
			name = Debug;
		};
		424313372BBE024100BEE02C /* Release */ = {
			isa = XCBuildConfiguration;
			buildSettings = {
				ASSETCATALOG_COMPILER_APPICON_NAME = AppIcon;
				ASSETCATALOG_COMPILER_GLOBAL_ACCENT_COLOR_NAME = AccentColor;
				CODE_SIGN_STYLE = Automatic;
				CURRENT_PROJECT_VERSION = 1;
				DEVELOPMENT_ASSET_PATHS = "\"AirBnb/Preview Content\"";
				DEVELOPMENT_TEAM = CTDN3273R3;
				ENABLE_PREVIEWS = YES;
				GENERATE_INFOPLIST_FILE = YES;
				INFOPLIST_KEY_UIApplicationSceneManifest_Generation = YES;
				INFOPLIST_KEY_UIApplicationSupportsIndirectInputEvents = YES;
				INFOPLIST_KEY_UILaunchScreen_Generation = YES;
				INFOPLIST_KEY_UISupportedInterfaceOrientations_iPad = "UIInterfaceOrientationPortrait UIInterfaceOrientationPortraitUpsideDown UIInterfaceOrientationLandscapeLeft UIInterfaceOrientationLandscapeRight";
				INFOPLIST_KEY_UISupportedInterfaceOrientations_iPhone = "UIInterfaceOrientationPortrait UIInterfaceOrientationLandscapeLeft UIInterfaceOrientationLandscapeRight";
				LD_RUNPATH_SEARCH_PATHS = (
					"$(inherited)",
					"@executable_path/Frameworks",
				);
				MARKETING_VERSION = 1.0;
				PRODUCT_BUNDLE_IDENTIFIER = com.br.vhenriquebm.AirBnb;
				PRODUCT_NAME = "$(TARGET_NAME)";
				SWIFT_EMIT_LOC_STRINGS = YES;
				SWIFT_VERSION = 5.0;
				TARGETED_DEVICE_FAMILY = "1,2";
			};
			name = Release;
		};
/* End XCBuildConfiguration section */

/* Begin XCConfigurationList section */
		424313222BBE023F00BEE02C /* Build configuration list for PBXProject "AirBnb" */ = {
			isa = XCConfigurationList;
			buildConfigurations = (
				424313332BBE024100BEE02C /* Debug */,
				424313342BBE024100BEE02C /* Release */,
			);
			defaultConfigurationIsVisible = 0;
			defaultConfigurationName = Release;
		};
		424313352BBE024100BEE02C /* Build configuration list for PBXNativeTarget "AirBnb" */ = {
			isa = XCConfigurationList;
			buildConfigurations = (
				424313362BBE024100BEE02C /* Debug */,
				424313372BBE024100BEE02C /* Release */,
			);
			defaultConfigurationIsVisible = 0;
			defaultConfigurationName = Release;
		};
/* End XCConfigurationList section */
	};
	rootObject = 4243131F2BBE023F00BEE02C /* Project object */;
}
